
Microsoft Visual Studio Solution File, Format Version 12.00
# Visual Studio Version 17
VisualStudioVersion = 17.1.32210.238
MinimumVisualStudioVersion = 10.0.40219.1
Project("{FAE04EC0-301F-11D3-BF4B-00C04F79EFBC}") = "EmployeeManagement", "EmployeeManagement\EmployeeManagement.csproj", "{71113020-F5E2-4B20-8707-7D206917DA7A}"
EndProject
Global
	GlobalSection(SolutionConfigurationPlatforms) = preSolution
		Debug|Any CPU = Debug|Any CPU
		Release|Any CPU = Release|Any CPU
	EndGlobalSection
	GlobalSection(ProjectConfigurationPlatforms) = postSolution
		{71113020-F5E2-4B20-8707-7D206917DA7A}.Debug|Any CPU.ActiveCfg = Debug|Any CPU
		{71113020-F5E2-4B20-8707-7D206917DA7A}.Debug|Any CPU.Build.0 = Debug|Any CPU
		{71113020-F5E2-4B20-8707-7D206917DA7A}.Release|Any CPU.ActiveCfg = Release|Any CPU
		{71113020-F5E2-4B20-8707-7D206917DA7A}.Release|Any CPU.Build.0 = Release|Any CPU
	EndGlobalSection
	GlobalSection(SolutionProperties) = preSolution
		HideSolutionNode = FALSE
	EndGlobalSection
	GlobalSection(ExtensibilityGlobals) = postSolution
		SolutionGuid = {F7D561C2-1F0E-4285-A764-93D10E70BD77}
	EndGlobalSection
EndGlobal
